
Microsoft Visual Studio Solution File, Format Version 12.00
# Visual Studio Version 17
VisualStudioVersion = 17.4.33110.190
MinimumVisualStudioVersion = 10.0.40219.1
Project("{2150E333-8FDC-42A3-9474-1A3956D46DE8}") = "Producer", "Producer", "{C7015FC5-D96C-46E5-83F9-4D438134FE4C}"
EndProject
Project("{2150E333-8FDC-42A3-9474-1A3956D46DE8}") = "Consumer", "Consumer", "{1AC3D8D1-3D76-47E3-9E88-D735D43B2718}"
EndProject
Project("{9A19103F-16F7-4668-BE54-9A1E7A4F7556}") = "Consumer.WebApi", "Consumer.WebApi\Consumer.WebApi.csproj", "{A04B8B9B-75B3-4D6F-BB8C-0BF095C97961}"
EndProject
Project("{9A19103F-16F7-4668-BE54-9A1E7A4F7556}") = "Producer.WebApi", "Producer.WebApi\Producer.WebApi.csproj", "{EC4EE934-6ACF-4628-9860-57D96128FF23}"
EndProject
Project("{9A19103F-16F7-4668-BE54-9A1E7A4F7556}") = "Producer.Application", "Producer.Application\Producer.Application.csproj", "{81F85612-5CE0-4C55-9EFD-6FEF3C026288}"
EndProject
Project("{E53339B2-1760-4266-BCC7-CA923CBCF16C}") = "docker-compose", "docker-compose.dcproj", "{7E570270-F97A-4E10-897B-7B9437D9E009}"
EndProject
Project("{9A19103F-16F7-4668-BE54-9A1E7A4F7556}") = "Consumer.Infastructure", "Consumer.Infastructure\Consumer.Infastructure.csproj", "{6A5D9DBC-53C8-446F-8080-6760F5D8E4D2}"
EndProject
Project("{9A19103F-16F7-4668-BE54-9A1E7A4F7556}") = "Consumer.Domain", "Consumer.Domain\Consumer.Domain.csproj", "{F99371B4-9F8E-4A19-B562-E9C46086713C}"
EndProject
Project("{9A19103F-16F7-4668-BE54-9A1E7A4F7556}") = "Consumer.Application", "Consumer.Application\Consumer.Application.csproj", "{C8F6EBD6-4762-4957-AADE-2961EFBDD20A}"
EndProject
Project("{2150E333-8FDC-42A3-9474-1A3956D46DE8}") = "Shared", "Shared", "{F5A224F4-160B-4E76-9212-ED2369646543}"
EndProject
Project("{9A19103F-16F7-4668-BE54-9A1E7A4F7556}") = "Consumer.Migrations", "Consumer.Migrations\Consumer.Migrations.csproj", "{C6EBF17D-AF61-4B5E-B631-7CDC258501AD}"
EndProject
Project("{2150E333-8FDC-42A3-9474-1A3956D46DE8}") = "Tests", "Tests", "{0727E71B-B943-4C02-8C65-47F8029D1397}"
EndProject
Project("{9A19103F-16F7-4668-BE54-9A1E7A4F7556}") = "Consumer.UnitTests", "Consumer.UnitTests\Consumer.UnitTests.csproj", "{EB4570F2-2056-4883-973F-61A164AD71EE}"
EndProject
Project("{9A19103F-16F7-4668-BE54-9A1E7A4F7556}") = "Consumer.FunctionalTests", "Consumer.FunctionalTests\Consumer.FunctionalTests.csproj", "{6D47A1CC-A46B-4FEB-8563-E350C8B1C5C0}"
EndProject
Project("{9A19103F-16F7-4668-BE54-9A1E7A4F7556}") = "TestWorkEvents", "TestWorkEvents\TestWorkEvents.csproj", "{B9D1FDA6-B05E-4767-9B2A-D497523AD5B3}"
EndProject
Project("{9A19103F-16F7-4668-BE54-9A1E7A4F7556}") = "Utils", "Utils\Utils.csproj", "{291BF8FD-B1FA-4C99-A0FB-4FC285275602}"
EndProject
Global
	GlobalSection(SolutionConfigurationPlatforms) = preSolution
		Debug|Any CPU = Debug|Any CPU
		Release|Any CPU = Release|Any CPU
	EndGlobalSection
	GlobalSection(ProjectConfigurationPlatforms) = postSolution
		{A04B8B9B-75B3-4D6F-BB8C-0BF095C97961}.Debug|Any CPU.ActiveCfg = Debug|Any CPU
		{A04B8B9B-75B3-4D6F-BB8C-0BF095C97961}.Debug|Any CPU.Build.0 = Debug|Any CPU
		{A04B8B9B-75B3-4D6F-BB8C-0BF095C97961}.Release|Any CPU.ActiveCfg = Release|Any CPU
		{A04B8B9B-75B3-4D6F-BB8C-0BF095C97961}.Release|Any CPU.Build.0 = Release|Any CPU
		{EC4EE934-6ACF-4628-9860-57D96128FF23}.Debug|Any CPU.ActiveCfg = Debug|Any CPU
		{EC4EE934-6ACF-4628-9860-57D96128FF23}.Debug|Any CPU.Build.0 = Debug|Any CPU
		{EC4EE934-6ACF-4628-9860-57D96128FF23}.Release|Any CPU.ActiveCfg = Release|Any CPU
		{EC4EE934-6ACF-4628-9860-57D96128FF23}.Release|Any CPU.Build.0 = Release|Any CPU
		{81F85612-5CE0-4C55-9EFD-6FEF3C026288}.Debug|Any CPU.ActiveCfg = Debug|Any CPU
		{81F85612-5CE0-4C55-9EFD-6FEF3C026288}.Debug|Any CPU.Build.0 = Debug|Any CPU
		{81F85612-5CE0-4C55-9EFD-6FEF3C026288}.Release|Any CPU.ActiveCfg = Release|Any CPU
		{81F85612-5CE0-4C55-9EFD-6FEF3C026288}.Release|Any CPU.Build.0 = Release|Any CPU
		{7E570270-F97A-4E10-897B-7B9437D9E009}.Debug|Any CPU.ActiveCfg = Debug|Any CPU
		{7E570270-F97A-4E10-897B-7B9437D9E009}.Debug|Any CPU.Build.0 = Debug|Any CPU
		{7E570270-F97A-4E10-897B-7B9437D9E009}.Release|Any CPU.ActiveCfg = Release|Any CPU
		{7E570270-F97A-4E10-897B-7B9437D9E009}.Release|Any CPU.Build.0 = Release|Any CPU
		{6A5D9DBC-53C8-446F-8080-6760F5D8E4D2}.Debug|Any CPU.ActiveCfg = Debug|Any CPU
		{6A5D9DBC-53C8-446F-8080-6760F5D8E4D2}.Debug|Any CPU.Build.0 = Debug|Any CPU
		{6A5D9DBC-53C8-446F-8080-6760F5D8E4D2}.Release|Any CPU.ActiveCfg = Release|Any CPU
		{6A5D9DBC-53C8-446F-8080-6760F5D8E4D2}.Release|Any CPU.Build.0 = Release|Any CPU
		{F99371B4-9F8E-4A19-B562-E9C46086713C}.Debug|Any CPU.ActiveCfg = Debug|Any CPU
		{F99371B4-9F8E-4A19-B562-E9C46086713C}.Debug|Any CPU.Build.0 = Debug|Any CPU
		{F99371B4-9F8E-4A19-B562-E9C46086713C}.Release|Any CPU.ActiveCfg = Release|Any CPU
		{F99371B4-9F8E-4A19-B562-E9C46086713C}.Release|Any CPU.Build.0 = Release|Any CPU
		{C8F6EBD6-4762-4957-AADE-2961EFBDD20A}.Debug|Any CPU.ActiveCfg = Debug|Any CPU
		{C8F6EBD6-4762-4957-AADE-2961EFBDD20A}.Debug|Any CPU.Build.0 = Debug|Any CPU
		{C8F6EBD6-4762-4957-AADE-2961EFBDD20A}.Release|Any CPU.ActiveCfg = Release|Any CPU
		{C8F6EBD6-4762-4957-AADE-2961EFBDD20A}.Release|Any CPU.Build.0 = Release|Any CPU
		{C6EBF17D-AF61-4B5E-B631-7CDC258501AD}.Debug|Any CPU.ActiveCfg = Debug|Any CPU
		{C6EBF17D-AF61-4B5E-B631-7CDC258501AD}.Debug|Any CPU.Build.0 = Debug|Any CPU
		{C6EBF17D-AF61-4B5E-B631-7CDC258501AD}.Release|Any CPU.ActiveCfg = Release|Any CPU
		{C6EBF17D-AF61-4B5E-B631-7CDC258501AD}.Release|Any CPU.Build.0 = Release|Any CPU
		{EB4570F2-2056-4883-973F-61A164AD71EE}.Debug|Any CPU.ActiveCfg = Debug|Any CPU
		{EB4570F2-2056-4883-973F-61A164AD71EE}.Debug|Any CPU.Build.0 = Debug|Any CPU
		{EB4570F2-2056-4883-973F-61A164AD71EE}.Release|Any CPU.ActiveCfg = Release|Any CPU
		{EB4570F2-2056-4883-973F-61A164AD71EE}.Release|Any CPU.Build.0 = Release|Any CPU
		{6D47A1CC-A46B-4FEB-8563-E350C8B1C5C0}.Debug|Any CPU.ActiveCfg = Debug|Any CPU
		{6D47A1CC-A46B-4FEB-8563-E350C8B1C5C0}.Debug|Any CPU.Build.0 = Debug|Any CPU
		{6D47A1CC-A46B-4FEB-8563-E350C8B1C5C0}.Release|Any CPU.ActiveCfg = Release|Any CPU
		{6D47A1CC-A46B-4FEB-8563-E350C8B1C5C0}.Release|Any CPU.Build.0 = Release|Any CPU
		{B9D1FDA6-B05E-4767-9B2A-D497523AD5B3}.Debug|Any CPU.ActiveCfg = Debug|Any CPU
		{B9D1FDA6-B05E-4767-9B2A-D497523AD5B3}.Debug|Any CPU.Build.0 = Debug|Any CPU
		{B9D1FDA6-B05E-4767-9B2A-D497523AD5B3}.Release|Any CPU.ActiveCfg = Release|Any CPU
		{B9D1FDA6-B05E-4767-9B2A-D497523AD5B3}.Release|Any CPU.Build.0 = Release|Any CPU
		{291BF8FD-B1FA-4C99-A0FB-4FC285275602}.Debug|Any CPU.ActiveCfg = Debug|Any CPU
		{291BF8FD-B1FA-4C99-A0FB-4FC285275602}.Debug|Any CPU.Build.0 = Debug|Any CPU
		{291BF8FD-B1FA-4C99-A0FB-4FC285275602}.Release|Any CPU.ActiveCfg = Release|Any CPU
		{291BF8FD-B1FA-4C99-A0FB-4FC285275602}.Release|Any CPU.Build.0 = Release|Any CPU
	EndGlobalSection
	GlobalSection(SolutionProperties) = preSolution
		HideSolutionNode = FALSE
	EndGlobalSection
	GlobalSection(NestedProjects) = preSolution
		{A04B8B9B-75B3-4D6F-BB8C-0BF095C97961} = {1AC3D8D1-3D76-47E3-9E88-D735D43B2718}
		{EC4EE934-6ACF-4628-9860-57D96128FF23} = {C7015FC5-D96C-46E5-83F9-4D438134FE4C}
		{81F85612-5CE0-4C55-9EFD-6FEF3C026288} = {C7015FC5-D96C-46E5-83F9-4D438134FE4C}
		{6A5D9DBC-53C8-446F-8080-6760F5D8E4D2} = {1AC3D8D1-3D76-47E3-9E88-D735D43B2718}
		{F99371B4-9F8E-4A19-B562-E9C46086713C} = {1AC3D8D1-3D76-47E3-9E88-D735D43B2718}
		{C8F6EBD6-4762-4957-AADE-2961EFBDD20A} = {1AC3D8D1-3D76-47E3-9E88-D735D43B2718}
		{C6EBF17D-AF61-4B5E-B631-7CDC258501AD} = {1AC3D8D1-3D76-47E3-9E88-D735D43B2718}
		{0727E71B-B943-4C02-8C65-47F8029D1397} = {1AC3D8D1-3D76-47E3-9E88-D735D43B2718}
		{EB4570F2-2056-4883-973F-61A164AD71EE} = {0727E71B-B943-4C02-8C65-47F8029D1397}
		{6D47A1CC-A46B-4FEB-8563-E350C8B1C5C0} = {0727E71B-B943-4C02-8C65-47F8029D1397}
		{B9D1FDA6-B05E-4767-9B2A-D497523AD5B3} = {F5A224F4-160B-4E76-9212-ED2369646543}
		{291BF8FD-B1FA-4C99-A0FB-4FC285275602} = {F5A224F4-160B-4E76-9212-ED2369646543}
	EndGlobalSection
	GlobalSection(ExtensibilityGlobals) = postSolution
		SolutionGuid = {E5EFAB6D-51F3-465C-BC24-BF73BDA12729}
	EndGlobalSection
EndGlobal
